{
  "name": "backend",
  "version": "1.0.0",
  "lockfileVersion": 3,
  "requires": true,
  "packages": {
    "": {
      "name": "backend",
      "version": "1.0.0",
      "license": "ISC",
      "dependencies": {
        "@arcjet/inspect": "^1.0.0-beta.15",
        "@arcjet/node": "^1.0.0-beta.15"
      }
    },
    "node_modules/@arcjet/analyze": {
      "version": "1.0.0-beta.15",
      "resolved": "https://registry.npmjs.org/@arcjet/analyze/-/analyze-1.0.0-beta.15.tgz",
      "integrity": "sha512-Q3gxCNMcqzNkAf7vC5ghQxYkFYzCryOc8wy4DEr+SlFJ+gNhGsPI52C8AXDlDPq33+4aZ7GY4EPPPTJ39FcfMg==",
      "license": "Apache-2.0",
      "dependencies": {
        "@arcjet/analyze-wasm": "1.0.0-beta.15",
        "@arcjet/protocol": "1.0.0-beta.15"
      },
      "engines": {
        "node": ">=20"
      }
    },
    "node_modules/@arcjet/analyze-wasm": {
      "version": "1.0.0-beta.15",
      "resolved": "https://registry.npmjs.org/@arcjet/analyze-wasm/-/analyze-wasm-1.0.0-beta.15.tgz",
      "integrity": "sha512-AYSgZFbC54A7tjo0MMFraMmZLVR22arYH/NZAkqon42SjDUx2kETrVhDrkriS3QTUNGPtP9YYPst2AlQYGAATw==",
      "license": "Apache-2.0",
      "engines": {
        "node": ">=20"
      }
    },
    "node_modules/@arcjet/body": {
      "version": "1.0.0-beta.15",
      "resolved": "https://registry.npmjs.org/@arcjet/body/-/body-1.0.0-beta.15.tgz",
      "integrity": "sha512-8SQpyC39SBjiWYRseoVM/Fno+JPXfKEMActcWANHNeQbxfHNb5KUYN/Zhiaicbryi5mUN+TjbqfkkAJegMfSCQ==",
      "license": "Apache-2.0",
      "engines": {
        "node": ">=20"
      }
    },
    "node_modules/@arcjet/cache": {
      "version": "1.0.0-beta.15",
      "resolved": "https://registry.npmjs.org/@arcjet/cache/-/cache-1.0.0-beta.15.tgz",
      "integrity": "sha512-zbjOSHm80GCkeftgfH+5ybqqmuGvfn1HotVwHjDXmlrNCC7hCFd8e9Yw5Cjvj5Evbgq/U46okty2y815WDVqDA==",
      "license": "Apache-2.0",
      "engines": {
        "node": ">=20"
      }
    },
    "node_modules/@arcjet/duration": {
      "version": "1.0.0-beta.15",
      "resolved": "https://registry.npmjs.org/@arcjet/duration/-/duration-1.0.0-beta.15.tgz",
      "integrity": "sha512-lwk+/EimdQ6Z0ewhWX3vHP05K/8NND51a34WB/Dlm9HJmUA84L02vgg6ds+ZiE2rb4NjHKwGX50GRrl0Strs1A==",
      "license": "Apache-2.0",
      "engines": {
        "node": ">=20"
      }
    },
    "node_modules/@arcjet/env": {
      "version": "1.0.0-beta.15",
      "resolved": "https://registry.npmjs.org/@arcjet/env/-/env-1.0.0-beta.15.tgz",
      "integrity": "sha512-p92mYWII07bs0GhW+oP/d55feizJnei+IdeJFaHyihGSQWudwiS1CedXdtIS92lSgp7Ss1ITZrHhfYCY5nGhIA==",
      "license": "Apache-2.0",
      "engines": {
        "node": ">=20"
      }
    },
    "node_modules/@arcjet/headers": {
      "version": "1.0.0-beta.15",
      "resolved": "https://registry.npmjs.org/@arcjet/headers/-/headers-1.0.0-beta.15.tgz",
      "integrity": "sha512-Br4NW4AqVzZybzGj250VemF3wOLNsG9/pyqFWN72UjBpnXtJeZMDxBZsynvY5nsr7GUTx7wU5r4VL8JYBaW7rw==",
      "license": "Apache-2.0",
      "engines": {
        "node": ">=20"
      }
    },
    "node_modules/@arcjet/inspect": {
      "version": "1.0.0-beta.15",
      "resolved": "https://registry.npmjs.org/@arcjet/inspect/-/inspect-1.0.0-beta.15.tgz",
      "integrity": "sha512-u6lsmOEz10Iws/x179JIrRfDykWEEOYwpgV3V0/kgYZS1hHR7nvtOfO0Ru/H9ie6NbFY8DGCtu4M5NUvmdtuLA==",
      "license": "Apache-2.0",
      "dependencies": {
        "@arcjet/protocol": "1.0.0-beta.15"
      },
      "engines": {
        "node": ">=20"
      }
    },
    "node_modules/@arcjet/ip": {
      "version": "1.0.0-beta.15",
      "resolved": "https://registry.npmjs.org/@arcjet/ip/-/ip-1.0.0-beta.15.tgz",
      "integrity": "sha512-Q5FBkPju6LymJZsd4d2mWGTV4sO5Dul7MooqQERXD7RSEloKxXSqbIyp5sR20SsI+FSpNPlsDmWehWs0Gf4ACQ==",
      "license": "Apache-2.0",
      "engines": {
        "node": ">=20"
      }
    },
    "node_modules/@arcjet/logger": {
      "version": "1.0.0-beta.15",
      "resolved": "https://registry.npmjs.org/@arcjet/logger/-/logger-1.0.0-beta.15.tgz",
      "integrity": "sha512-yjVej0+hD2lpmUS9mF1HV4h8DEaFFjPtywQmBf1KIyC8vjdn5Ugp0udHoNu9uhQKoxagd7y2lfz390kJjiK6bA==",
      "license": "Apache-2.0",
      "dependencies": {
        "@arcjet/sprintf": "1.0.0-beta.15"
      },
      "engines": {
        "node": ">=20"
      }
    },
    "node_modules/@arcjet/node": {
      "version": "1.0.0-beta.15",
      "resolved": "https://registry.npmjs.org/@arcjet/node/-/node-1.0.0-beta.15.tgz",
      "integrity": "sha512-NEXSnycXYoaKw1bOwtCdLZIHNqyE/hkX529PFw+WorLnFLlWNYm+suZadPH+aMnH8txXMk+XVFA419Ai4Hdwrg==",
      "license": "Apache-2.0",
      "dependencies": {
        "@arcjet/body": "1.0.0-beta.15",
        "@arcjet/env": "1.0.0-beta.15",
        "@arcjet/headers": "1.0.0-beta.15",
        "@arcjet/ip": "1.0.0-beta.15",
        "@arcjet/logger": "1.0.0-beta.15",
        "@arcjet/protocol": "1.0.0-beta.15",
        "@arcjet/transport": "1.0.0-beta.15",
        "arcjet": "1.0.0-beta.15"
      },
      "engines": {
        "node": ">=20"
      }
    },
    "node_modules/@arcjet/protocol": {
      "version": "1.0.0-beta.15",
      "resolved": "https://registry.npmjs.org/@arcjet/protocol/-/protocol-1.0.0-beta.15.tgz",
      "integrity": "sha512-xECDSJl1wll1No6C6dNt/G+nPR1mqLWIge7784+9uOno2vLmdg2w9W2rWzPtbSCeQb3YyQzSKcWqizumzNJKhg==",
      "license": "Apache-2.0",
      "dependencies": {
        "@arcjet/cache": "1.0.0-beta.15",
        "@bufbuild/protobuf": "1.10.1",
        "@connectrpc/connect": "1.6.1",
        "typeid-js": "1.2.0"
      },
      "engines": {
        "node": ">=20"
      }
    },
    "node_modules/@arcjet/runtime": {
      "version": "1.0.0-beta.15",
      "resolved": "https://registry.npmjs.org/@arcjet/runtime/-/runtime-1.0.0-beta.15.tgz",
      "integrity": "sha512-okuMOXeeKGqBBIbTFqABwMvsXa74xOU2v/52E3+hh87jqwlg0IFCMR2h3ctGScQBrHb0mOOHSErld9F/2AVEzQ==",
      "license": "Apache-2.0",
      "engines": {
        "node": ">=20"
      }
    },
    "node_modules/@arcjet/sprintf": {
      "version": "1.0.0-beta.15",
      "resolved": "https://registry.npmjs.org/@arcjet/sprintf/-/sprintf-1.0.0-beta.15.tgz",
      "integrity": "sha512-sHmcTHT6UyD2T3Hcutre16eaknNK1HujrUyZ/1i6VSOhQA7FVIwzBQUuPsJagYfCkVlyGOm9PjmxEEP8rb7KJA==",
      "license": "Apache-2.0",
      "engines": {
        "node": ">=20"
      }
    },
    "node_modules/@arcjet/stable-hash": {
      "version": "1.0.0-beta.15",
      "resolved": "https://registry.npmjs.org/@arcjet/stable-hash/-/stable-hash-1.0.0-beta.15.tgz",
      "integrity": "sha512-CDHFpErFsbyoGh7LZxZMKZzwurpd023Io/nxb4vj+NvYKpq4KJZ6dG6nVEoKBuo1hx2hVgOrOih95Ugfwbxjow==",
      "license": "Apache-2.0",
      "engines": {
        "node": ">=20"
      }
    },
    "node_modules/@arcjet/transport": {
      "version": "1.0.0-beta.15",
      "resolved": "https://registry.npmjs.org/@arcjet/transport/-/transport-1.0.0-beta.15.tgz",
      "integrity": "sha512-tmqAtKU0/HDPcKopz2k5RXNNCfLAx1O960lwdYZ4RzclzriWseT+O/+Te/Dosg+TcuWpNmbF0w2O3mBbdpZE5w==",
      "license": "Apache-2.0",
      "dependencies": {
        "@bufbuild/protobuf": "1.10.1",
        "@connectrpc/connect": "1.6.1",
        "@connectrpc/connect-node": "1.6.1",
        "@connectrpc/connect-web": "1.6.1"
      },
      "engines": {
        "node": ">=20"
      }
    },
    "node_modules/@bufbuild/protobuf": {
      "version": "1.10.1",
      "resolved": "https://registry.npmjs.org/@bufbuild/protobuf/-/protobuf-1.10.1.tgz",
      "integrity": "sha512-wJ8ReQbHxsAfXhrf9ixl0aYbZorRuOWpBNzm8pL8ftmSxQx/wnJD5Eg861NwJU/czy2VXFIebCeZnZrI9rktIQ==",
      "license": "(Apache-2.0 AND BSD-3-Clause)",
      "peer": true
    },
    "node_modules/@connectrpc/connect": {
      "version": "1.6.1",
      "resolved": "https://registry.npmjs.org/@connectrpc/connect/-/connect-1.6.1.tgz",
      "integrity": "sha512-KchMDNtU4CDTdkyf0qG7ugJ6qHTOR/aI7XebYn3OTCNagaDYWiZUVKgRgwH79yeMkpNgvEUaXSK7wKjaBK9b/Q==",
      "license": "Apache-2.0",
      "peer": true,
      "peerDependencies": {
        "@bufbuild/protobuf": "^1.10.0"
      }
    },
    "node_modules/@connectrpc/connect-node": {
      "version": "1.6.1",
      "resolved": "https://registry.npmjs.org/@connectrpc/connect-node/-/connect-node-1.6.1.tgz",
      "integrity": "sha512-DxcD1wsF/aX9GegjAtl7VbpiZNjVJozy87VbaFoN6AF0Ln1Q757r5dgV59Gz0wmlk5f17txUsrEr1f2inlnnAg==",
      "license": "Apache-2.0",
      "dependencies": {
        "undici": "^5.28.4"
      },
      "engines": {
        "node": ">=16.0.0"
      },
      "peerDependencies": {
        "@bufbuild/protobuf": "^1.10.0",
        "@connectrpc/connect": "1.6.1"
      }
    },
    "node_modules/@connectrpc/connect-web": {
      "version": "1.6.1",
      "resolved": "https://registry.npmjs.org/@connectrpc/connect-web/-/connect-web-1.6.1.tgz",
      "integrity": "sha512-GVfxQOmt3TtgTaKeXLS/EA2IHa3nHxwe2BCHT7X0Q/0hohM+nP5DDnIItGEjGrGdt3LTTqWqE4s70N4h+qIMlQ==",
      "license": "Apache-2.0",
      "peerDependencies": {
        "@bufbuild/protobuf": "^1.10.0",
        "@connectrpc/connect": "1.6.1"
      }
    },
    "node_modules/@fastify/busboy": {
      "version": "2.1.1",
      "resolved": "https://registry.npmjs.org/@fastify/busboy/-/busboy-2.1.1.tgz",
      "integrity": "sha512-vBZP4NlzfOlerQTnba4aqZoMhE/a9HY7HRqoOPaETQcSQuWEIyZMHGfVu6w9wGtGK5fED5qRs2DteVCjOH60sA==",
      "license": "MIT",
      "engines": {
        "node": ">=14"
      }
    },
    "node_modules/arcjet": {
      "version": "1.0.0-beta.15",
      "resolved": "https://registry.npmjs.org/arcjet/-/arcjet-1.0.0-beta.15.tgz",
      "integrity": "sha512-eZ3X7yt4nuP+l1tYgpO6GxuNwYSFyaLxi3wD0eiv4DFr8NgGWG33lhAD87L/pDGGVbVCYf+NvyfCGxcsXucw6Q==",
      "license": "Apache-2.0",
      "dependencies": {
        "@arcjet/analyze": "1.0.0-beta.15",
        "@arcjet/cache": "1.0.0-beta.15",
        "@arcjet/duration": "1.0.0-beta.15",
        "@arcjet/headers": "1.0.0-beta.15",
        "@arcjet/protocol": "1.0.0-beta.15",
        "@arcjet/runtime": "1.0.0-beta.15",
        "@arcjet/stable-hash": "1.0.0-beta.15"
      },
      "engines": {
        "node": ">=20"
      }
    },
    "node_modules/typeid-js": {
      "version": "1.2.0",
      "resolved": "https://registry.npmjs.org/typeid-js/-/typeid-js-1.2.0.tgz",
      "integrity": "sha512-t76ZucAnvGC60ea/HjVsB0TSoB0cw9yjnfurUgtInXQWUI/VcrlZGpO23KN3iSe8yOGUgb1zr7W7uEzJ3hSljA==",
      "license": "Apache-2.0",
      "dependencies": {
        "uuid": "^10.0.0"
      }
    },
    "node_modules/undici": {
      "version": "5.29.0",
      "resolved": "https://registry.npmjs.org/undici/-/undici-5.29.0.tgz",
      "integrity": "sha512-raqeBD6NQK4SkWhQzeYKd1KmIG6dllBOTt55Rmkt4HtI9mwdWtJljnrXjAFUBLTSN67HWrOIZ3EPF4kjUw80Bg==",
      "license": "MIT",
      "dependencies": {
        "@fastify/busboy": "^2.0.0"
      },
      "engines": {
        "node": ">=14.0"
      }
    },
    "node_modules/uuid": {
      "version": "10.0.0",
      "resolved": "https://registry.npmjs.org/uuid/-/uuid-10.0.0.tgz",
      "integrity": "sha512-8XkAphELsDnEGrDxUOHB3RGvXz6TeuYSGEZBOjtTtPm2lwhGBjLgOzLHB63IUWfBpNucQjND6d3AOudO+H3RWQ==",
      "funding": [
        "https://github.com/sponsors/broofa",
        "https://github.com/sponsors/ctavan"
      ],
      "license": "MIT",
      "bin": {
        "uuid": "dist/bin/uuid"
      }
    }
  }
}
